
Microsoft Visual Studio Solution File, Format Version 12.00
# Visual Studio Version 16
VisualStudioVersion = 16.0.30204.135
MinimumVisualStudioVersion = 10.0.40219.1
Project("{FAE04EC0-301F-11D3-BF4B-00C04F79EFBC}") = "sample_7_4", "sample_7_4\sample_7_4.csproj", "{7E3AAF78-2315-4F74-85CE-B2CF1A517008}"
EndProject
Global
	GlobalSection(SolutionConfigurationPlatforms) = preSolution
		Debug|Any CPU = Debug|Any CPU
		Release|Any CPU = Release|Any CPU
	EndGlobalSection
	GlobalSection(ProjectConfigurationPlatforms) = postSolution
		{7E3AAF78-2315-4F74-85CE-B2CF1A517008}.Debug|Any CPU.ActiveCfg = Debug|Any CPU
		{7E3AAF78-2315-4F74-85CE-B2CF1A517008}.Debug|Any CPU.Build.0 = Debug|Any CPU
		{7E3AAF78-2315-4F74-85CE-B2CF1A517008}.Release|Any CPU.ActiveCfg = Release|Any CPU
		{7E3AAF78-2315-4F74-85CE-B2CF1A517008}.Release|Any CPU.Build.0 = Release|Any CPU
	EndGlobalSection
	GlobalSection(SolutionProperties) = preSolution
		HideSolutionNode = FALSE
	EndGlobalSection
	GlobalSection(ExtensibilityGlobals) = postSolution
		SolutionGuid = {15D021E6-6555-4BEC-86B6-DAED8B4A7952}
	EndGlobalSection
EndGlobal
